<Solution>
  <Folder Name="/Solution Items/">
    <File Path=".editorconfig" />
  </Folder>
  <Project Path="../../../../../../OneDrive/Desktop/BridgeLabs Training/Practice_OOP/Practice_OOP/Practice_OOP.csproj" />
  <Project Path="../../../../../../OneDrive/Desktop/BridgeLabs Training/Practice_OOP/TestProject1/TestProject1.csproj" />
</Solution>
